PODS:
  - Aria2Core (1.0.2)
  - Aria2RPC (1.0.3):
    - Starscream (~> 3.1)
    - SwiftyJSON (~> 5.0)
  - Sparkle (1.21.3)
  - Starscream (3.1.0)
  - SwiftyJSON (5.0.0)
  - SwiftyUserDefaults (4.0.0)

DEPENDENCIES:
  - Aria2Core (from `https://github.com/shincurry/Aria2Core.git`)
  - Aria2RPC (from `https://github.com/shincurry/Aria2RPC.git`)
  - Sparkle
  - Starscream (~> 3.1)
  - SwiftyJSON (~> 5.0)
  - SwiftyUserDefaults (~> 4.0)

SPEC REPOS:
  https://github.com/cocoapods/specs.git:
    - Sparkle
    - Starscream
    - SwiftyJSON
    - SwiftyUserDefaults

EXTERNAL SOURCES:
  Aria2Core:
    :git: https://github.com/shincurry/Aria2Core.git
  Aria2RPC:
    :git: https://github.com/shincurry/Aria2RPC.git

CHECKOUT OPTIONS:
  Aria2Core:
    :commit: "6c95db2a64ec3b95b018e4dfef82dac830c916e4\n[proxychains] DLL init: proxychains-ng 4.14"
    :git: https://github.com/shincurry/Aria2Core.git
  Aria2RPC:
    :commit: "1ae665d836b3dd75c9999f632cdf832ce02c55a0\n[proxychains] DLL init: proxychains-ng 4.14"
    :git: https://github.com/shincurry/Aria2RPC.git

SPEC CHECKSUMS:
  Aria2Core: f4288f7d3454c8b157498c54a0f29f31a2778523
  Aria2RPC: 95b8b562a6d10292203627f931f544ac0b2eed10
  Sparkle: 3f75576db8b0265adef36c43249d747f22d0b708
  Starscream: 08172b481e145289c4930cb567230fb55897cfa4
  SwiftyJSON: 36413e04c44ee145039d332b4f4e2d3e8d6c4db7
  SwiftyUserDefaults: 6a1951df1daa19337862b677dd9a4b9bd4c288cd

PODFILE CHECKSUM: b2540c6847f397051db9c11ec9f0e5ad5f8efe22

COCOAPODS: 1.7.1
