// !$*UTF8*$!
{
	archiveVersion = 1;
	classes = {
	};
	objectVersion = 46;
	objects = {

/* Begin PBXBuildFile section */
		8806E0081DA5874C00EDEC4C /* QuickSettingsViewController.swift in Sources */ = {isa = PBXBuildFile; fileRef = 8806E0071DA5874C00EDEC4C /* QuickSettingsViewController.swift */; };
		881687701D8A9C1B00E36678 /* aria2.default.conf in Resources */ = {isa = PBXBuildFile; fileRef = 8816876F1D8A9C1B00E36678 /* aria2.default.conf */; };
		881F79B01DB2677600576766 /* aria2.Maria.conf in Resources */ = {isa = PBXBuildFile; fileRef = 881F79AF1DB2677600576766 /* aria2.Maria.conf */; };
		881F79B21DB26EB800576766 /* MariaUserDefault.swift in Sources */ = {isa = PBXBuildFile; fileRef = 881F79B11DB26EB800576766 /* MariaUserDefault.swift */; };
		881F79B31DB27FA300576766 /* MariaUserDefault.swift in Sources */ = {isa = PBXBuildFile; fileRef = 881F79B11DB26EB800576766 /* MariaUserDefault.swift */; };
		8820772A1DFC1B3500054C2D /* DockTileView.swift in Sources */ = {isa = PBXBuildFile; fileRef = 882077291DFC1B3500054C2D /* DockTileView.swift */; };
		8827EDF51CCB50A700DDB09D /* SettingsAria2ConfigViewController.swift in Sources */ = {isa = PBXBuildFile; fileRef = 8827EDF41CCB50A700DDB09D /* SettingsAria2ConfigViewController.swift */; };
		8827EDF61CCB59CF00DDB09D /* runAria2c.sh in Resources */ = {isa = PBXBuildFile; fileRef = 8827EDEF1CCB47DD00DDB09D /* runAria2c.sh */; };
		8827EDF71CCB59D100DDB09D /* shutdownAria2c.sh in Resources */ = {isa = PBXBuildFile; fileRef = 8827EDF01CCB4C0300DDB09D /* shutdownAria2c.sh */; };
		88298CF61D41E56500BBAFE8 /* NotificationCenter.framework in Frameworks */ = {isa = PBXBuildFile; fileRef = 889485921CBE4E44000839CD /* NotificationCenter.framework */; };
		88298CFB1D41E56500BBAFE8 /* TodayViewController.swift in Sources */ = {isa = PBXBuildFile; fileRef = 88298CFA1D41E56500BBAFE8 /* TodayViewController.swift */; };
		88298CFE1D41E56600BBAFE8 /* TodayViewController.xib in Resources */ = {isa = PBXBuildFile; fileRef = 88298CFC1D41E56500BBAFE8 /* TodayViewController.xib */; };
		88298D021D41E56600BBAFE8 /* InfoPlist.strings in Resources */ = {isa = PBXBuildFile; fileRef = 88298D001D41E56600BBAFE8 /* InfoPlist.strings */; };
		88298D051D41E56600BBAFE8 /* Maria Widget.appex in Embed App Extensions */ = {isa = PBXBuildFile; fileRef = 88298CF51D41E56500BBAFE8 /* Maria Widget.appex */; settings = {ATTRIBUTES = (RemoveHeadersOnCopy, ); }; };
		88298D0D1D41E63E00BBAFE8 /* TodayTaskCellView.xib in Resources */ = {isa = PBXBuildFile; fileRef = 88298D0C1D41E63E00BBAFE8 /* TodayTaskCellView.xib */; };
		88298D0F1D41E64A00BBAFE8 /* TodayTaskCellView.swift in Sources */ = {isa = PBXBuildFile; fileRef = 88298D0E1D41E64A00BBAFE8 /* TodayTaskCellView.swift */; };
		882EE79A1D8D321200CD4BA9 /* Localizable.strings in Resources */ = {isa = PBXBuildFile; fileRef = 8842882C1D8D220E002014E2 /* Localizable.strings */; };
		883327A31CC751630002B561 /* NewTaskViewController.swift in Sources */ = {isa = PBXBuildFile; fileRef = 883327A21CC751630002B561 /* NewTaskViewController.swift */; };
		883EA5281CE1D4EF00B10A25 /* TaskCellView.xib in Resources */ = {isa = PBXBuildFile; fileRef = 883EA5271CE1D4EF00B10A25 /* TaskCellView.xib */; };
		883EA52B1CE1D52300B10A25 /* TaskCellView.swift in Sources */ = {isa = PBXBuildFile; fileRef = 883EA52A1CE1D52300B10A25 /* TaskCellView.swift */; };
		883EA52D1CE1DEBF00B10A25 /* TaskListViewController.swift in Sources */ = {isa = PBXBuildFile; fileRef = 883EA52C1CE1DEBF00B10A25 /* TaskListViewController.swift */; };
		8842882A1D8D220E002014E2 /* Localizable.strings in Resources */ = {isa = PBXBuildFile; fileRef = 8842882C1D8D220E002014E2 /* Localizable.strings */; };
		885AB77A1E518CD300848C0D /* StatusItemView.xib in Resources */ = {isa = PBXBuildFile; fileRef = 885AB7791E518CD300848C0D /* StatusItemView.xib */; };
		885AB77C1E518DA300848C0D /* StatusItemView.swift in Sources */ = {isa = PBXBuildFile; fileRef = 885AB77B1E518DA300848C0D /* StatusItemView.swift */; };
		885B9ED21CBF7806001BA477 /* SettingsBandwidthViewController.swift in Sources */ = {isa = PBXBuildFile; fileRef = 885B9ED11CBF7806001BA477 /* SettingsBandwidthViewController.swift */; };
		885B9ED51CBF8169001BA477 /* AboutViewController.swift in Sources */ = {isa = PBXBuildFile; fileRef = 885B9ED31CBF8169001BA477 /* AboutViewController.swift */; };
		886AB8621D8672E50053472C /* AriaConfig.swift in Sources */ = {isa = PBXBuildFile; fileRef = 886AB8611D8672E50053472C /* AriaConfig.swift */; };
		8870EA261CD4F13E00278B2C /* Settings.storyboard in Resources */ = {isa = PBXBuildFile; fileRef = 8870EA241CD4F13E00278B2C /* Settings.storyboard */; };
		8870EA291CD5A70200278B2C /* MainWindowController.swift in Sources */ = {isa = PBXBuildFile; fileRef = 8870EA281CD5A70200278B2C /* MainWindowController.swift */; };
		887AE4571CC0B85E00AAD3E3 /* SettingsRPCServerViewController.swift in Sources */ = {isa = PBXBuildFile; fileRef = 887AE4561CC0B85E00AAD3E3 /* SettingsRPCServerViewController.swift */; };
		887AE4651CC13A5000AAD3E3 /* SettingsNotificationViewController.swift in Sources */ = {isa = PBXBuildFile; fileRef = 887AE4641CC13A5000AAD3E3 /* SettingsNotificationViewController.swift */; };
		887AE46B1CC15CB800AAD3E3 /* SettingsGeneralViewController.swift in Sources */ = {isa = PBXBuildFile; fileRef = 887AE46A1CC15CB800AAD3E3 /* SettingsGeneralViewController.swift */; };
		888176371D4234F50040D767 /* Assets.xcassets in Resources */ = {isa = PBXBuildFile; fileRef = 889485761CBE4D4A000839CD /* Assets.xcassets */; };
		888EAAF61D0837E90077EADB /* NewTaskWindowController.swift in Sources */ = {isa = PBXBuildFile; fileRef = 888EAAF51D0837E90077EADB /* NewTaskWindowController.swift */; };
		888EAAF81D08393F0077EADB /* SettingsWindowController.swift in Sources */ = {isa = PBXBuildFile; fileRef = 888EAAF71D08393F0077EADB /* SettingsWindowController.swift */; };
		889485731CBE4D4A000839CD /* AppDelegate.swift in Sources */ = {isa = PBXBuildFile; fileRef = 889485721CBE4D4A000839CD /* AppDelegate.swift */; };
		8894857A1CBE4D4A000839CD /* Main.storyboard in Resources */ = {isa = PBXBuildFile; fileRef = 889485781CBE4D4A000839CD /* Main.storyboard */; };
		889C5BDF1DB8E61100625C82 /* Maria.swift in Sources */ = {isa = PBXBuildFile; fileRef = 889C5BDE1DB8E61100625C82 /* Maria.swift */; };
		889C5BE11DB8EA9A00625C82 /* Maria.swift in Sources */ = {isa = PBXBuildFile; fileRef = 889C5BE01DB8EA9A00625C82 /* Maria.swift */; };
		88C4780A1CEF432000F8026A /* SettingsTodayViewController.swift in Sources */ = {isa = PBXBuildFile; fileRef = 88C478091CEF432000F8026A /* SettingsTodayViewController.swift */; };
		88C4780C1CEF5F1900F8026A /* Assets.xcassets in Resources */ = {isa = PBXBuildFile; fileRef = 889485761CBE4D4A000839CD /* Assets.xcassets */; };
		88C9C0591E0058AF00201E7E /* YouGet.framework in Frameworks */ = {isa = PBXBuildFile; fileRef = 88F2015F1DFE78B90010CA9D /* YouGet.framework */; };
		88C9C05A1E0058AF00201E7E /* YouGet.framework in Embed Frameworks */ = {isa = PBXBuildFile; fileRef = 88F2015F1DFE78B90010CA9D /* YouGet.framework */; settings = {ATTRIBUTES = (CodeSignOnCopy, RemoveHeadersOnCopy, ); }; };
		88C9C0601E0062BD00201E7E /* LoadingTextFieldCell.swift in Sources */ = {isa = PBXBuildFile; fileRef = 88C9C05F1E0062BD00201E7E /* LoadingTextFieldCell.swift */; };
		88D6CDD41CE495D500450E0C /* MariaNotification.swift in Sources */ = {isa = PBXBuildFile; fileRef = 88D6CDD31CE495D500450E0C /* MariaNotification.swift */; };
		88EC234C1E33421B00363FC7 /* dsa_pub.pem in Resources */ = {isa = PBXBuildFile; fileRef = 88EC234B1E33421B00363FC7 /* dsa_pub.pem */; };
		88F201671DFEC5C30010CA9D /* RegexHelper.swift in Sources */ = {isa = PBXBuildFile; fileRef = 88F201661DFEC5C30010CA9D /* RegexHelper.swift */; };
		88FBE7071D802E6100B7FE9C /* Pods_Maria.framework in Frameworks */ = {isa = PBXBuildFile; fileRef = EC227A1CDFF5C46C8C3C87B8 /* Pods_Maria.framework */; };
		88FBE7081D802E6100B7FE9C /* Pods_Maria.framework in Embed Frameworks */ = {isa = PBXBuildFile; fileRef = EC227A1CDFF5C46C8C3C87B8 /* Pods_Maria.framework */; settings = {ATTRIBUTES = (CodeSignOnCopy, RemoveHeadersOnCopy, ); }; };
		88FBE7091D802E6D00B7FE9C /* Pods_Maria_Widget.framework in Frameworks */ = {isa = PBXBuildFile; fileRef = EF09F8E5B0C163229FD5AD2B /* Pods_Maria_Widget.framework */; };
/* End PBXBuildFile section */

/* Begin PBXContainerItemProxy section */
		88298D031D41E56600BBAFE8 /* PBXContainerItemProxy */ = {
			isa = PBXContainerItemProxy;
			containerPortal = 889485671CBE4D4A000839CD /* Project object */;
			proxyType = 1;
			remoteGlobalIDString = 88298CF41D41E56500BBAFE8;
			remoteInfo = "Maria Widget";
		};
/* End PBXContainerItemProxy section */

/* Begin PBXCopyFilesBuildPhase section */
		8869D6961D7FD1C50009D65F /* Embed Frameworks */ = {
			isa = PBXCopyFilesBuildPhase;
			buildActionMask = 2147483647;
			dstPath = "";
			dstSubfolderSpec = 10;
			files = (
				88C9C05A1E0058AF00201E7E /* YouGet.framework in Embed Frameworks */,
				88FBE7081D802E6100B7FE9C /* Pods_Maria.framework in Embed Frameworks */,
			);
			name = "Embed Frameworks";
			runOnlyForDeploymentPostprocessing = 0;
		};
		889485A61CBE4E44000839CD /* Embed App Extensions */ = {
			isa = PBXCopyFilesBuildPhase;
			buildActionMask = 2147483647;
			dstPath = "";
			dstSubfolderSpec = 13;
			files = (
				88298D051D41E56600BBAFE8 /* Maria Widget.appex in Embed App Extensions */,
			);
			name = "Embed App Extensions";
			runOnlyForDeploymentPostprocessing = 0;
		};
/* End PBXCopyFilesBuildPhase section */

/* Begin PBXFileReference section */
		0F70C9DF82097AC4946AB784 /* Pods-Maria Widget.release.xcconfig */ = {isa = PBXFileReference; includeInIndex = 1; lastKnownFileType = text.xcconfig; name = "Pods-Maria Widget.release.xcconfig"; path = "Pods/Target Support Files/Pods-Maria Widget/Pods-Maria Widget.release.xcconfig"; sourceTree = "<group>"; };
		8806E0071DA5874C00EDEC4C /* QuickSettingsViewController.swift */ = {isa = PBXFileReference; fileEncoding = 4; lastKnownFileType = sourcecode.swift; path = QuickSettingsViewController.swift; sourceTree = "<group>"; };
		8816876F1D8A9C1B00E36678 /* aria2.default.conf */ = {isa = PBXFileReference; fileEncoding = 4; lastKnownFileType = text; path = aria2.default.conf; sourceTree = "<group>"; };
		881A84601D8CFD6500647DE4 /* zh-Hans */ = {isa = PBXFileReference; lastKnownFileType = text.plist.strings; name = "zh-Hans"; path = "zh-Hans.lproj/Main.strings"; sourceTree = "<group>"; };
		881A84621D8CFD6500647DE4 /* zh-Hans */ = {isa = PBXFileReference; lastKnownFileType = text.plist.strings; name = "zh-Hans"; path = "zh-Hans.lproj/TodayViewController.strings"; sourceTree = "<group>"; };
		881A84631D8D00C300647DE4 /* Base */ = {isa = PBXFileReference; lastKnownFileType = text.plist.strings; name = Base; path = Base.lproj/InfoPlist.strings; sourceTree = "<group>"; };
		881A84641D8D00C800647DE4 /* zh-Hans */ = {isa = PBXFileReference; lastKnownFileType = text.plist.strings; name = "zh-Hans"; path = "zh-Hans.lproj/InfoPlist.strings"; sourceTree = "<group>"; };
		881F79AF1DB2677600576766 /* aria2.Maria.conf */ = {isa = PBXFileReference; fileEncoding = 4; lastKnownFileType = text; path = aria2.Maria.conf; sourceTree = "<group>"; };
		881F79B11DB26EB800576766 /* MariaUserDefault.swift */ = {isa = PBXFileReference; fileEncoding = 4; lastKnownFileType = sourcecode.swift; path = MariaUserDefault.swift; sourceTree = "<group>"; };
		882077291DFC1B3500054C2D /* DockTileView.swift */ = {isa = PBXFileReference; fileEncoding = 4; lastKnownFileType = sourcecode.swift; path = DockTileView.swift; sourceTree = "<group>"; };
		8827EDEF1CCB47DD00DDB09D /* runAria2c.sh */ = {isa = PBXFileReference; lastKnownFileType = text.script.sh; path = runAria2c.sh; sourceTree = "<group>"; };
		8827EDF01CCB4C0300DDB09D /* shutdownAria2c.sh */ = {isa = PBXFileReference; lastKnownFileType = text.script.sh; path = shutdownAria2c.sh; sourceTree = "<group>"; };
		8827EDF41CCB50A700DDB09D /* SettingsAria2ConfigViewController.swift */ = {isa = PBXFileReference; fileEncoding = 4; lastKnownFileType = sourcecode.swift; path = SettingsAria2ConfigViewController.swift; sourceTree = "<group>"; };
		88298CF51D41E56500BBAFE8 /* Maria Widget.appex */ = {isa = PBXFileReference; explicitFileType = "wrapper.app-extension"; includeInIndex = 0; path = "Maria Widget.appex"; sourceTree = BUILT_PRODUCTS_DIR; };
		88298CFA1D41E56500BBAFE8 /* TodayViewController.swift */ = {isa = PBXFileReference; lastKnownFileType = sourcecode.swift; path = TodayViewController.swift; sourceTree = "<group>"; };
		88298CFD1D41E56500BBAFE8 /* Base */ = {isa = PBXFileReference; lastKnownFileType = file.xib; name = Base; path = Base.lproj/TodayViewController.xib; sourceTree = "<group>"; };
		88298CFF1D41E56600BBAFE8 /* Info.plist */ = {isa = PBXFileReference; lastKnownFileType = text.plist.xml; path = Info.plist; sourceTree = "<group>"; };
		88298D0B1D41E5F700BBAFE8 /* Maria Widget.entitlements */ = {isa = PBXFileReference; fileEncoding = 4; lastKnownFileType = text.plist.entitlements; path = "Maria Widget.entitlements"; sourceTree = "<group>"; };
		88298D0C1D41E63E00BBAFE8 /* TodayTaskCellView.xib */ = {isa = PBXFileReference; fileEncoding = 4; lastKnownFileType = file.xib; path = TodayTaskCellView.xib; sourceTree = "<group>"; };
		88298D0E1D41E64A00BBAFE8 /* TodayTaskCellView.swift */ = {isa = PBXFileReference; fileEncoding = 4; lastKnownFileType = sourcecode.swift; path = TodayTaskCellView.swift; sourceTree = "<group>"; };
		883327A21CC751630002B561 /* NewTaskViewController.swift */ = {isa = PBXFileReference; fileEncoding = 4; lastKnownFileType = sourcecode.swift; path = NewTaskViewController.swift; sourceTree = "<group>"; };
		883EA5271CE1D4EF00B10A25 /* TaskCellView.xib */ = {isa = PBXFileReference; fileEncoding = 4; lastKnownFileType = file.xib; path = TaskCellView.xib; sourceTree = "<group>"; };
		883EA52A1CE1D52300B10A25 /* TaskCellView.swift */ = {isa = PBXFileReference; fileEncoding = 4; lastKnownFileType = sourcecode.swift; path = TaskCellView.swift; sourceTree = "<group>"; };
		883EA52C1CE1DEBF00B10A25 /* TaskListViewController.swift */ = {isa = PBXFileReference; fileEncoding = 4; lastKnownFileType = sourcecode.swift; path = TaskListViewController.swift; sourceTree = "<group>"; };
		8842882B1D8D220E002014E2 /* Base */ = {isa = PBXFileReference; lastKnownFileType = text.plist.strings; name = Base; path = Base.lproj/Localizable.strings; sourceTree = "<group>"; };
		8842882E1D8D293E002014E2 /* zh-Hans */ = {isa = PBXFileReference; lastKnownFileType = text.plist.strings; name = "zh-Hans"; path = "zh-Hans.lproj/Localizable.strings"; sourceTree = "<group>"; };
		885AB7791E518CD300848C0D /* StatusItemView.xib */ = {isa = PBXFileReference; fileEncoding = 4; lastKnownFileType = file.xib; path = StatusItemView.xib; sourceTree = "<group>"; };
		885AB77B1E518DA300848C0D /* StatusItemView.swift */ = {isa = PBXFileReference; fileEncoding = 4; lastKnownFileType = sourcecode.swift; path = StatusItemView.swift; sourceTree = "<group>"; };
		885B9ED11CBF7806001BA477 /* SettingsBandwidthViewController.swift */ = {isa = PBXFileReference; fileEncoding = 4; lastKnownFileType = sourcecode.swift; path = SettingsBandwidthViewController.swift; sourceTree = "<group>"; };
		885B9ED31CBF8169001BA477 /* AboutViewController.swift */ = {isa = PBXFileReference; fileEncoding = 4; lastKnownFileType = sourcecode.swift; path = AboutViewController.swift; sourceTree = "<group>"; };
		8866AD8C1D8D0B65006FF797 /* zh-Hans */ = {isa = PBXFileReference; lastKnownFileType = text.plist.strings; name = "zh-Hans"; path = "zh-Hans.lproj/Settings.strings"; sourceTree = "<group>"; };
		886AB8611D8672E50053472C /* AriaConfig.swift */ = {isa = PBXFileReference; fileEncoding = 4; lastKnownFileType = sourcecode.swift; path = AriaConfig.swift; sourceTree = "<group>"; };
		8870EA251CD4F13E00278B2C /* Base */ = {isa = PBXFileReference; lastKnownFileType = file.storyboard; name = Base; path = Base.lproj/Settings.storyboard; sourceTree = "<group>"; };
		8870EA281CD5A70200278B2C /* MainWindowController.swift */ = {isa = PBXFileReference; fileEncoding = 4; lastKnownFileType = sourcecode.swift; path = MainWindowController.swift; sourceTree = "<group>"; };
		887AE4561CC0B85E00AAD3E3 /* SettingsRPCServerViewController.swift */ = {isa = PBXFileReference; fileEncoding = 4; lastKnownFileType = sourcecode.swift; path = SettingsRPCServerViewController.swift; sourceTree = "<group>"; };
		887AE4641CC13A5000AAD3E3 /* SettingsNotificationViewController.swift */ = {isa = PBXFileReference; fileEncoding = 4; lastKnownFileType = sourcecode.swift; path = SettingsNotificationViewController.swift; sourceTree = "<group>"; };
		887AE46A1CC15CB800AAD3E3 /* SettingsGeneralViewController.swift */ = {isa = PBXFileReference; fileEncoding = 4; lastKnownFileType = sourcecode.swift; path = SettingsGeneralViewController.swift; sourceTree = "<group>"; };
		888EAAF51D0837E90077EADB /* NewTaskWindowController.swift */ = {isa = PBXFileReference; fileEncoding = 4; lastKnownFileType = sourcecode.swift; path = NewTaskWindowController.swift; sourceTree = "<group>"; };
		888EAAF71D08393F0077EADB /* SettingsWindowController.swift */ = {isa = PBXFileReference; fileEncoding = 4; lastKnownFileType = sourcecode.swift; path = SettingsWindowController.swift; sourceTree = "<group>"; };
		8894856F1CBE4D4A000839CD /* Maria.app */ = {isa = PBXFileReference; explicitFileType = wrapper.application; includeInIndex = 0; path = Maria.app; sourceTree = BUILT_PRODUCTS_DIR; };
		889485721CBE4D4A000839CD /* AppDelegate.swift */ = {isa = PBXFileReference; lastKnownFileType = sourcecode.swift; path = AppDelegate.swift; sourceTree = "<group>"; };
		889485761CBE4D4A000839CD /* Assets.xcassets */ = {isa = PBXFileReference; lastKnownFileType = folder.assetcatalog; name = Assets.xcassets; path = Maria/Assets.xcassets; sourceTree = "<group>"; };
		889485791CBE4D4A000839CD /* Base */ = {isa = PBXFileReference; lastKnownFileType = file.storyboard; name = Base; path = Base.lproj/Main.storyboard; sourceTree = "<group>"; };
		8894857B1CBE4D4A000839CD /* Info.plist */ = {isa = PBXFileReference; lastKnownFileType = text.plist.xml; path = Info.plist; sourceTree = "<group>"; };
		889485921CBE4E44000839CD /* NotificationCenter.framework */ = {isa = PBXFileReference; lastKnownFileType = wrapper.framework; name = NotificationCenter.framework; path = System/Library/Frameworks/NotificationCenter.framework; sourceTree = SDKROOT; };
		889485A71CBE4FAF000839CD /* Maria.entitlements */ = {isa = PBXFileReference; lastKnownFileType = text.xml; path = Maria.entitlements; sourceTree = "<group>"; };
		889C5BDE1DB8E61100625C82 /* Maria.swift */ = {isa = PBXFileReference; fileEncoding = 4; lastKnownFileType = sourcecode.swift; path = Maria.swift; sourceTree = "<group>"; };
		889C5BE01DB8EA9A00625C82 /* Maria.swift */ = {isa = PBXFileReference; fileEncoding = 4; lastKnownFileType = sourcecode.swift; path = Maria.swift; sourceTree = "<group>"; };
		88ABC8C01D953F4D0002146F /* zh-Hant */ = {isa = PBXFileReference; lastKnownFileType = text.plist.strings; name = "zh-Hant"; path = "zh-Hant.lproj/Main.strings"; sourceTree = "<group>"; };
		88ABC8C11D953F4D0002146F /* zh-Hant */ = {isa = PBXFileReference; lastKnownFileType = text.plist.strings; name = "zh-Hant"; path = "zh-Hant.lproj/Settings.strings"; sourceTree = "<group>"; };
		88ABC8C21D953F4D0002146F /* zh-Hant */ = {isa = PBXFileReference; lastKnownFileType = text.plist.strings; name = "zh-Hant"; path = "zh-Hant.lproj/TodayViewController.strings"; sourceTree = "<group>"; };
		88ABC8C31D953F4D0002146F /* zh-Hant */ = {isa = PBXFileReference; lastKnownFileType = text.plist.strings; name = "zh-Hant"; path = "zh-Hant.lproj/Localizable.strings"; sourceTree = "<group>"; };
		88ABC8C41D953F4D0002146F /* zh-Hant */ = {isa = PBXFileReference; lastKnownFileType = text.plist.strings; name = "zh-Hant"; path = "zh-Hant.lproj/InfoPlist.strings"; sourceTree = "<group>"; };
		88C478091CEF432000F8026A /* SettingsTodayViewController.swift */ = {isa = PBXFileReference; fileEncoding = 4; lastKnownFileType = sourcecode.swift; path = SettingsTodayViewController.swift; sourceTree = "<group>"; };
		88C9C05F1E0062BD00201E7E /* LoadingTextFieldCell.swift */ = {isa = PBXFileReference; fileEncoding = 4; lastKnownFileType = sourcecode.swift; path = LoadingTextFieldCell.swift; sourceTree = "<group>"; };
		88D6CDD31CE495D500450E0C /* MariaNotification.swift */ = {isa = PBXFileReference; fileEncoding = 4; lastKnownFileType = sourcecode.swift; path = MariaNotification.swift; sourceTree = "<group>"; };
		88EC234B1E33421B00363FC7 /* dsa_pub.pem */ = {isa = PBXFileReference; fileEncoding = 4; lastKnownFileType = text; path = dsa_pub.pem; sourceTree = "<group>"; };
		88F2015F1DFE78B90010CA9D /* YouGet.framework */ = {isa = PBXFileReference; explicitFileType = wrapper.framework; path = YouGet.framework; sourceTree = BUILT_PRODUCTS_DIR; };
		88F201661DFEC5C30010CA9D /* RegexHelper.swift */ = {isa = PBXFileReference; fileEncoding = 4; lastKnownFileType = sourcecode.swift; path = RegexHelper.swift; sourceTree = "<group>"; };
		D7A99BC2E5B2ACEF6AF6DE67 /* Pods-Maria.release.xcconfig */ = {isa = PBXFileReference; includeInIndex = 1; lastKnownFileType = text.xcconfig; name = "Pods-Maria.release.xcconfig"; path = "Pods/Target Support Files/Pods-Maria/Pods-Maria.release.xcconfig"; sourceTree = "<group>"; };
		E41BA69B5CDD140CCBA4EBC2 /* Pods-Maria.debug.xcconfig */ = {isa = PBXFileReference; includeInIndex = 1; lastKnownFileType = text.xcconfig; name = "Pods-Maria.debug.xcconfig"; path = "Pods/Target Support Files/Pods-Maria/Pods-Maria.debug.xcconfig"; sourceTree = "<group>"; };
		EC227A1CDFF5C46C8C3C87B8 /* Pods_Maria.framework */ = {isa = PBXFileReference; explicitFileType = wrapper.framework; includeInIndex = 0; path = Pods_Maria.framework; sourceTree = BUILT_PRODUCTS_DIR; };
		EF09F8E5B0C163229FD5AD2B /* Pods_Maria_Widget.framework */ = {isa = PBXFileReference; explicitFileType = wrapper.framework; includeInIndex = 0; path = Pods_Maria_Widget.framework; sourceTree = BUILT_PRODUCTS_DIR; };
		F91B8D62D8F65A187C0D9E2A /* Pods-Maria Widget.debug.xcconfig */ = {isa = PBXFileReference; includeInIndex = 1; lastKnownFileType = text.xcconfig; name = "Pods-Maria Widget.debug.xcconfig"; path = "Pods/Target Support Files/Pods-Maria Widget/Pods-Maria Widget.debug.xcconfig"; sourceTree = "<group>"; };
/* End PBXFileReference section */

/* Begin PBXFrameworksBuildPhase section */
		88298CF21D41E56500BBAFE8 /* Frameworks */ = {
			isa = PBXFrameworksBuildPhase;
			buildActionMask = 2147483647;
			files = (
				88FBE7091D802E6D00B7FE9C /* Pods_Maria_Widget.framework in Frameworks */,
				88298CF61D41E56500BBAFE8 /* NotificationCenter.framework in Frameworks */,
			);
			runOnlyForDeploymentPostprocessing = 0;
		};
		8894856C1CBE4D4A000839CD /* Frameworks */ = {
			isa = PBXFrameworksBuildPhase;
			buildActionMask = 2147483647;
			files = (
				88C9C0591E0058AF00201E7E /* YouGet.framework in Frameworks */,
				88FBE7071D802E6100B7FE9C /* Pods_Maria.framework in Frameworks */,
			);
			runOnlyForDeploymentPostprocessing = 0;
		};
/* End PBXFrameworksBuildPhase section */

/* Begin PBXGroup section */
		28088A4E27634CD587DFE218 /* Frameworks */ = {
			isa = PBXGroup;
			children = (
				88F2015F1DFE78B90010CA9D /* YouGet.framework */,
				889485921CBE4E44000839CD /* NotificationCenter.framework */,
				EC227A1CDFF5C46C8C3C87B8 /* Pods_Maria.framework */,
				EF09F8E5B0C163229FD5AD2B /* Pods_Maria_Widget.framework */,
			);
			name = Frameworks;
			sourceTree = "<group>";
		};
		8827EDF31CCB502E00DDB09D /* Settings */ = {
			isa = PBXGroup;
			children = (
				888EAAF71D08393F0077EADB /* SettingsWindowController.swift */,
				885B9ED11CBF7806001BA477 /* SettingsBandwidthViewController.swift */,
				887AE4641CC13A5000AAD3E3 /* SettingsNotificationViewController.swift */,
				887AE4561CC0B85E00AAD3E3 /* SettingsRPCServerViewController.swift */,
				887AE46A1CC15CB800AAD3E3 /* SettingsGeneralViewController.swift */,
				8827EDF41CCB50A700DDB09D /* SettingsAria2ConfigViewController.swift */,
				88C478091CEF432000F8026A /* SettingsTodayViewController.swift */,
			);
			name = Settings;
			sourceTree = "<group>";
		};
		88298CF71D41E56500BBAFE8 /* Maria Widget */ = {
			isa = PBXGroup;
			children = (
				889C5BE01DB8EA9A00625C82 /* Maria.swift */,
				88298CFA1D41E56500BBAFE8 /* TodayViewController.swift */,
				88298D0E1D41E64A00BBAFE8 /* TodayTaskCellView.swift */,
				88298CFC1D41E56500BBAFE8 /* TodayViewController.xib */,
				88298D0C1D41E63E00BBAFE8 /* TodayTaskCellView.xib */,
				88298CFF1D41E56600BBAFE8 /* Info.plist */,
				88298CF81D41E56500BBAFE8 /* Supporting Files */,
			);
			path = "Maria Widget";
			sourceTree = "<group>";
		};
		88298CF81D41E56500BBAFE8 /* Supporting Files */ = {
			isa = PBXGroup;
			children = (
				88298D001D41E56600BBAFE8 /* InfoPlist.strings */,
				88298D0B1D41E5F700BBAFE8 /* Maria Widget.entitlements */,
			);
			name = "Supporting Files";
			sourceTree = "<group>";
		};
		883EA5291CE1D4F700B10A25 /* TaskCell */ = {
			isa = PBXGroup;
			children = (
				883EA5271CE1D4EF00B10A25 /* TaskCellView.xib */,
				883EA52A1CE1D52300B10A25 /* TaskCellView.swift */,
			);
			name = TaskCell;
			sourceTree = "<group>";
		};
		886AB8601D8672C00053472C /* Tool */ = {
			isa = PBXGroup;
			children = (
				886AB8611D8672E50053472C /* AriaConfig.swift */,
				881F79B11DB26EB800576766 /* MariaUserDefault.swift */,
				88F201661DFEC5C30010CA9D /* RegexHelper.swift */,
			);
			name = Tool;
			sourceTree = "<group>";
		};
		889485661CBE4D4A000839CD = {
			isa = PBXGroup;
			children = (
				889485711CBE4D4A000839CD /* Maria */,
				88298CF71D41E56500BBAFE8 /* Maria Widget */,
				889485761CBE4D4A000839CD /* Assets.xcassets */,
				889485701CBE4D4A000839CD /* Products */,
				28088A4E27634CD587DFE218 /* Frameworks */,
				C26CE778A603906D327A912D /* Pods */,
			);
			sourceTree = "<group>";
		};
		889485701CBE4D4A000839CD /* Products */ = {
			isa = PBXGroup;
			children = (
				8894856F1CBE4D4A000839CD /* Maria.app */,
				88298CF51D41E56500BBAFE8 /* Maria Widget.appex */,
			);
			name = Products;
			sourceTree = "<group>";
		};
		889485711CBE4D4A000839CD /* Maria */ = {
			isa = PBXGroup;
			children = (
				889C5BDE1DB8E61100625C82 /* Maria.swift */,
				88D6CDD31CE495D500450E0C /* MariaNotification.swift */,
				889485781CBE4D4A000839CD /* Main.storyboard */,
				8870EA241CD4F13E00278B2C /* Settings.storyboard */,
				885AB7791E518CD300848C0D /* StatusItemView.xib */,
				885AB77B1E518DA300848C0D /* StatusItemView.swift */,
				889485721CBE4D4A000839CD /* AppDelegate.swift */,
				882077291DFC1B3500054C2D /* DockTileView.swift */,
				888EAAF51D0837E90077EADB /* NewTaskWindowController.swift */,
				883327A21CC751630002B561 /* NewTaskViewController.swift */,
				88C9C05F1E0062BD00201E7E /* LoadingTextFieldCell.swift */,
				88D6CDD51CE4963100450E0C /* Main */,
				8827EDF31CCB502E00DDB09D /* Settings */,
				885B9ED31CBF8169001BA477 /* AboutViewController.swift */,
				8806E0071DA5874C00EDEC4C /* QuickSettingsViewController.swift */,
				8894857B1CBE4D4A000839CD /* Info.plist */,
				886AB8601D8672C00053472C /* Tool */,
				88F76A111D87D045002876CD /* Supporting Files */,
			);
			path = Maria;
			sourceTree = "<group>";
		};
		88D6CDD51CE4963100450E0C /* Main */ = {
			isa = PBXGroup;
			children = (
				8870EA281CD5A70200278B2C /* MainWindowController.swift */,
				883EA52C1CE1DEBF00B10A25 /* TaskListViewController.swift */,
				883EA5291CE1D4F700B10A25 /* TaskCell */,
			);
			name = Main;
			sourceTree = "<group>";
		};
		88F76A111D87D045002876CD /* Supporting Files */ = {
			isa = PBXGroup;
			children = (
				88EC234B1E33421B00363FC7 /* dsa_pub.pem */,
				8842882C1D8D220E002014E2 /* Localizable.strings */,
				889485A71CBE4FAF000839CD /* Maria.entitlements */,
				881F79AF1DB2677600576766 /* aria2.Maria.conf */,
				8816876F1D8A9C1B00E36678 /* aria2.default.conf */,
				8827EDEF1CCB47DD00DDB09D /* runAria2c.sh */,
				8827EDF01CCB4C0300DDB09D /* shutdownAria2c.sh */,
			);
			name = "Supporting Files";
			sourceTree = "<group>";
		};
		C26CE778A603906D327A912D /* Pods */ = {
			isa = PBXGroup;
			children = (
				E41BA69B5CDD140CCBA4EBC2 /* Pods-Maria.debug.xcconfig */,
				D7A99BC2E5B2ACEF6AF6DE67 /* Pods-Maria.release.xcconfig */,
				F91B8D62D8F65A187C0D9E2A /* Pods-Maria Widget.debug.xcconfig */,
				0F70C9DF82097AC4946AB784 /* Pods-Maria Widget.release.xcconfig */,
			);
			name = Pods;
			sourceTree = "<group>";
		};
/* End PBXGroup section */

/* Begin PBXNativeTarget section */
		88298CF41D41E56500BBAFE8 /* Maria Widget */ = {
			isa = PBXNativeTarget;
			buildConfigurationList = 88298D061D41E56600BBAFE8 /* Build configuration list for PBXNativeTarget "Maria Widget" */;
			buildPhases = (
				C564574F33835505311328E7 /* [CP] Check Pods Manifest.lock */,
				88298CF11D41E56500BBAFE8 /* Sources */,
				88298CF21D41E56500BBAFE8 /* Frameworks */,
				88298CF31D41E56500BBAFE8 /* Resources */,
			);
			buildRules = (
			);
			dependencies = (
			);
			name = "Maria Widget";
			productName = "Maria Widget";
			productReference = 88298CF51D41E56500BBAFE8 /* Maria Widget.appex */;
			productType = "com.apple.product-type.app-extension";
		};
		8894856E1CBE4D4A000839CD /* Maria */ = {
			isa = PBXNativeTarget;
			buildConfigurationList = 8894857E1CBE4D4A000839CD /* Build configuration list for PBXNativeTarget "Maria" */;
			buildPhases = (
				D2830D842A5975A7D4607826 /* [CP] Check Pods Manifest.lock */,
				8894856B1CBE4D4A000839CD /* Sources */,
				8894856C1CBE4D4A000839CD /* Frameworks */,
				8894856D1CBE4D4A000839CD /* Resources */,
				889485A61CBE4E44000839CD /* Embed App Extensions */,
				382446954F88BE724F1E9D7A /* [CP] Embed Pods Frameworks */,
				8869D6961D7FD1C50009D65F /* Embed Frameworks */,
			);
			buildRules = (
			);
			dependencies = (
				88298D041D41E56600BBAFE8 /* PBXTargetDependency */,
			);
			name = Maria;
			productName = Maria;
			productReference = 8894856F1CBE4D4A000839CD /* Maria.app */;
			productType = "com.apple.product-type.application";
		};
/* End PBXNativeTarget section */

/* Begin PBXProject section */
		889485671CBE4D4A000839CD /* Project object */ = {
			isa = PBXProject;
			attributes = {
				LastSwiftUpdateCheck = 0800;
				LastUpgradeCheck = 0930;
				ORGANIZATIONNAME = ShinCurry;
				TargetAttributes = {
					88298CF41D41E56500BBAFE8 = {
						CreatedOnToolsVersion = 8.0;
						DevelopmentTeam = 525R2U87NG;
						DevelopmentTeamName = "Debra Dean";
						LastSwiftMigration = 1000;
						ProvisioningStyle = Automatic;
						SystemCapabilities = {
							com.apple.ApplicationGroups.Mac = {
								enabled = 1;
							};
							com.apple.Sandbox = {
								enabled = 1;
							};
						};
					};
					8894856E1CBE4D4A000839CD = {
						CreatedOnToolsVersion = 7.3;
						DevelopmentTeam = 525R2U87NG;
						DevelopmentTeamName = "Debra Dean";
						LastSwiftMigration = 1000;
						ProvisioningStyle = Automatic;
						SystemCapabilities = {
							com.apple.ApplicationGroups.Mac = {
								enabled = 1;
							};
							com.apple.Sandbox = {
								enabled = 0;
							};
						};
					};
				};
			};
			buildConfigurationList = 8894856A1CBE4D4A000839CD /* Build configuration list for PBXProject "Maria" */;
			compatibilityVersion = "Xcode 3.2";
			developmentRegion = English;
			hasScannedForEncodings = 0;
			knownRegions = (
				en,
				Base,
				"zh-Hans",
				"zh-Hant",
			);
			mainGroup = 889485661CBE4D4A000839CD;
			productRefGroup = 889485701CBE4D4A000839CD /* Products */;
			projectDirPath = "";
			projectRoot = "";
			targets = (
				8894856E1CBE4D4A000839CD /* Maria */,
				88298CF41D41E56500BBAFE8 /* Maria Widget */,
			);
		};
/* End PBXProject section */

/* Begin PBXResourcesBuildPhase section */
		88298CF31D41E56500BBAFE8 /* Resources */ = {
			isa = PBXResourcesBuildPhase;
			buildActionMask = 2147483647;
			files = (
				882EE79A1D8D321200CD4BA9 /* Localizable.strings in Resources */,
				88298CFE1D41E56600BBAFE8 /* TodayViewController.xib in Resources */,
				88298D021D41E56600BBAFE8 /* InfoPlist.strings in Resources */,
				888176371D4234F50040D767 /* Assets.xcassets in Resources */,
				88298D0D1D41E63E00BBAFE8 /* TodayTaskCellView.xib in Resources */,
			);
			runOnlyForDeploymentPostprocessing = 0;
		};
		8894856D1CBE4D4A000839CD /* Resources */ = {
			isa = PBXResourcesBuildPhase;
			buildActionMask = 2147483647;
			files = (
				881687701D8A9C1B00E36678 /* aria2.default.conf in Resources */,
				8827EDF71CCB59D100DDB09D /* shutdownAria2c.sh in Resources */,
				8894857A1CBE4D4A000839CD /* Main.storyboard in Resources */,
				8827EDF61CCB59CF00DDB09D /* runAria2c.sh in Resources */,
				8842882A1D8D220E002014E2 /* Localizable.strings in Resources */,
				885AB77A1E518CD300848C0D /* StatusItemView.xib in Resources */,
				88EC234C1E33421B00363FC7 /* dsa_pub.pem in Resources */,
				883EA5281CE1D4EF00B10A25 /* TaskCellView.xib in Resources */,
				881F79B01DB2677600576766 /* aria2.Maria.conf in Resources */,
				88C4780C1CEF5F1900F8026A /* Assets.xcassets in Resources */,
				8870EA261CD4F13E00278B2C /* Settings.storyboard in Resources */,
			);
			runOnlyForDeploymentPostprocessing = 0;
		};
/* End PBXResourcesBuildPhase section */

/* Begin PBXShellScriptBuildPhase section */
		382446954F88BE724F1E9D7A /* [CP] Embed Pods Frameworks */ = {
			isa = PBXShellScriptBuildPhase;
			buildActionMask = 2147483647;
			files = (
			);
			inputPaths = (
				"${SRCROOT}/Pods/Target Support Files/Pods-Maria/Pods-Maria-frameworks.sh",
				"${PODS_ROOT}/Aria2Core/Aria2Core/Frameworks/libaria2-1.34.0-maria.dylib",
				"${BUILT_PRODUCTS_DIR}/Aria2Core/Aria2Core.framework",
				"${BUILT_PRODUCTS_DIR}/Aria2RPC/Aria2RPC.framework",
				"${PODS_ROOT}/Sparkle/Sparkle.framework",
				"${BUILT_PRODUCTS_DIR}/Starscream/Starscream.framework",
				"${BUILT_PRODUCTS_DIR}/SwiftyJSON/SwiftyJSON.framework",
				"${BUILT_PRODUCTS_DIR}/SwiftyUserDefaults/SwiftyUserDefaults.framework",
			);
			name = "[CP] Embed Pods Frameworks";
			outputPaths = (
				"${TARGET_BUILD_DIR}/${FRAMEWORKS_FOLDER_PATH}/libaria2-1.34.0-maria.dylib",
				"${TARGET_BUILD_DIR}/${FRAMEWORKS_FOLDER_PATH}/Aria2Core.framework",
				"${TARGET_BUILD_DIR}/${FRAMEWORKS_FOLDER_PATH}/Aria2RPC.framework",
				"${TARGET_BUILD_DIR}/${FRAMEWORKS_FOLDER_PATH}/Sparkle.framework",
				"${TARGET_BUILD_DIR}/${FRAMEWORKS_FOLDER_PATH}/Starscream.framework",
				"${TARGET_BUILD_DIR}/${FRAMEWORKS_FOLDER_PATH}/SwiftyJSON.framework",
				"${TARGET_BUILD_DIR}/${FRAMEWORKS_FOLDER_PATH}/SwiftyUserDefaults.framework",
			);
			runOnlyForDeploymentPostprocessing = 0;
			shellPath = /bin/sh;
			shellScript = "\"${SRCROOT}/Pods/Target Support Files/Pods-Maria/Pods-Maria-frameworks.sh\"\n";
			showEnvVarsInLog = 0;
		};
		C564574F33835505311328E7 /* [CP] Check Pods Manifest.lock */ = {
			isa = PBXShellScriptBuildPhase;
			buildActionMask = 2147483647;
			files = (
			);
			inputPaths = (
				"${PODS_PODFILE_DIR_PATH}/Podfile.lock",
				"${PODS_ROOT}/Manifest.lock",
			);
			name = "[CP] Check Pods Manifest.lock";
			outputPaths = (
				"$(DERIVED_FILE_DIR)/Pods-Maria Widget-checkManifestLockResult.txt",
			);
			runOnlyForDeploymentPostprocessing = 0;
			shellPath = /bin/sh;
			shellScript = "diff \"${PODS_PODFILE_DIR_PATH}/Podfile.lock\" \"${PODS_ROOT}/Manifest.lock\" > /dev/null\nif [ $? != 0 ] ; then\n    # print error to STDERR\n    echo \"error: The sandbox is not in sync with the Podfile.lock. Run 'pod install' or update your CocoaPods installation.\" >&2\n    exit 1\nfi\n# This output is used by Xcode 'outputs' to avoid re-running this script phase.\necho \"SUCCESS\" > \"${SCRIPT_OUTPUT_FILE_0}\"\n";
			showEnvVarsInLog = 0;
		};
		D2830D842A5975A7D4607826 /* [CP] Check Pods Manifest.lock */ = {
			isa = PBXShellScriptBuildPhase;
			buildActionMask = 2147483647;
			files = (
			);
			inputPaths = (
				"${PODS_PODFILE_DIR_PATH}/Podfile.lock",
				"${PODS_ROOT}/Manifest.lock",
			);
			name = "[CP] Check Pods Manifest.lock";
			outputPaths = (
				"$(DERIVED_FILE_DIR)/Pods-Maria-checkManifestLockResult.txt",
			);
			runOnlyForDeploymentPostprocessing = 0;
			shellPath = /bin/sh;
			shellScript = "diff \"${PODS_PODFILE_DIR_PATH}/Podfile.lock\" \"${PODS_ROOT}/Manifest.lock\" > /dev/null\nif [ $? != 0 ] ; then\n    # print error to STDERR\n    echo \"error: The sandbox is not in sync with the Podfile.lock. Run 'pod install' or update your CocoaPods installation.\" >&2\n    exit 1\nfi\n# This output is used by Xcode 'outputs' to avoid re-running this script phase.\necho \"SUCCESS\" > \"${SCRIPT_OUTPUT_FILE_0}\"\n";
			showEnvVarsInLog = 0;
		};
/* End PBXShellScriptBuildPhase section */

/* Begin PBXSourcesBuildPhase section */
		88298CF11D41E56500BBAFE8 /* Sources */ = {
			isa = PBXSourcesBuildPhase;
			buildActionMask = 2147483647;
			files = (
				88298CFB1D41E56500BBAFE8 /* TodayViewController.swift in Sources */,
				889C5BE11DB8EA9A00625C82 /* Maria.swift in Sources */,
				88298D0F1D41E64A00BBAFE8 /* TodayTaskCellView.swift in Sources */,
				881F79B31DB27FA300576766 /* MariaUserDefault.swift in Sources */,
			);
			runOnlyForDeploymentPostprocessing = 0;
		};
		8894856B1CBE4D4A000839CD /* Sources */ = {
			isa = PBXSourcesBuildPhase;
			buildActionMask = 2147483647;
			files = (
				883EA52B1CE1D52300B10A25 /* TaskCellView.swift in Sources */,
				887AE4651CC13A5000AAD3E3 /* SettingsNotificationViewController.swift in Sources */,
				885AB77C1E518DA300848C0D /* StatusItemView.swift in Sources */,
				88F201671DFEC5C30010CA9D /* RegexHelper.swift in Sources */,
				887AE4571CC0B85E00AAD3E3 /* SettingsRPCServerViewController.swift in Sources */,
				883327A31CC751630002B561 /* NewTaskViewController.swift in Sources */,
				889C5BDF1DB8E61100625C82 /* Maria.swift in Sources */,
				885B9ED51CBF8169001BA477 /* AboutViewController.swift in Sources */,
				883EA52D1CE1DEBF00B10A25 /* TaskListViewController.swift in Sources */,
				88C9C0601E0062BD00201E7E /* LoadingTextFieldCell.swift in Sources */,
				8870EA291CD5A70200278B2C /* MainWindowController.swift in Sources */,
				8820772A1DFC1B3500054C2D /* DockTileView.swift in Sources */,
				885B9ED21CBF7806001BA477 /* SettingsBandwidthViewController.swift in Sources */,
				88D6CDD41CE495D500450E0C /* MariaNotification.swift in Sources */,
				888EAAF61D0837E90077EADB /* NewTaskWindowController.swift in Sources */,
				8806E0081DA5874C00EDEC4C /* QuickSettingsViewController.swift in Sources */,
				88C4780A1CEF432000F8026A /* SettingsTodayViewController.swift in Sources */,
				887AE46B1CC15CB800AAD3E3 /* SettingsGeneralViewController.swift in Sources */,
				886AB8621D8672E50053472C /* AriaConfig.swift in Sources */,
				8827EDF51CCB50A700DDB09D /* SettingsAria2ConfigViewController.swift in Sources */,
				888EAAF81D08393F0077EADB /* SettingsWindowController.swift in Sources */,
				889485731CBE4D4A000839CD /* AppDelegate.swift in Sources */,
				881F79B21DB26EB800576766 /* MariaUserDefault.swift in Sources */,
			);
			runOnlyForDeploymentPostprocessing = 0;
		};
/* End PBXSourcesBuildPhase section */

/* Begin PBXTargetDependency section */
		88298D041D41E56600BBAFE8 /* PBXTargetDependency */ = {
			isa = PBXTargetDependency;
			target = 88298CF41D41E56500BBAFE8 /* Maria Widget */;
			targetProxy = 88298D031D41E56600BBAFE8 /* PBXContainerItemProxy */;
		};
/* End PBXTargetDependency section */

/* Begin PBXVariantGroup section */
		88298CFC1D41E56500BBAFE8 /* TodayViewController.xib */ = {
			isa = PBXVariantGroup;
			children = (
				88298CFD1D41E56500BBAFE8 /* Base */,
				881A84621D8CFD6500647DE4 /* zh-Hans */,
				88ABC8C21D953F4D0002146F /* zh-Hant */,
			);
			name = TodayViewController.xib;
			sourceTree = "<group>";
		};
		88298D001D41E56600BBAFE8 /* InfoPlist.strings */ = {
			isa = PBXVariantGroup;
			children = (
				881A84631D8D00C300647DE4 /* Base */,
				881A84641D8D00C800647DE4 /* zh-Hans */,
				88ABC8C41D953F4D0002146F /* zh-Hant */,
			);
			name = InfoPlist.strings;
			sourceTree = "<group>";
		};
		8842882C1D8D220E002014E2 /* Localizable.strings */ = {
			isa = PBXVariantGroup;
			children = (
				8842882B1D8D220E002014E2 /* Base */,
				8842882E1D8D293E002014E2 /* zh-Hans */,
				88ABC8C31D953F4D0002146F /* zh-Hant */,
			);
			name = Localizable.strings;
			sourceTree = "<group>";
		};
		8870EA241CD4F13E00278B2C /* Settings.storyboard */ = {
			isa = PBXVariantGroup;
			children = (
				8870EA251CD4F13E00278B2C /* Base */,
				8866AD8C1D8D0B65006FF797 /* zh-Hans */,
				88ABC8C11D953F4D0002146F /* zh-Hant */,
			);
			name = Settings.storyboard;
			sourceTree = "<group>";
		};
		889485781CBE4D4A000839CD /* Main.storyboard */ = {
			isa = PBXVariantGroup;
			children = (
				889485791CBE4D4A000839CD /* Base */,
				881A84601D8CFD6500647DE4 /* zh-Hans */,
				88ABC8C01D953F4D0002146F /* zh-Hant */,
			);
			name = Main.storyboard;
			sourceTree = "<group>";
		};
/* End PBXVariantGroup section */

/* Begin XCBuildConfiguration section */
		88298D071D41E56600BBAFE8 /* Debug */ = {
			isa = XCBuildConfiguration;
			baseConfigurationReference = F91B8D62D8F65A187C0D9E2A /* Pods-Maria Widget.debug.xcconfig */;
			buildSettings = {
				ALWAYS_EMBED_SWIFT_STANDARD_LIBRARIES = YES;
				CLANG_WARN_DOCUMENTATION_COMMENTS = YES;
				CODE_SIGN_ENTITLEMENTS = "Maria Widget/Maria Widget.entitlements";
				CODE_SIGN_IDENTITY = "Mac Developer";
				COMBINE_HIDPI_IMAGES = YES;
				DEVELOPMENT_TEAM = 525R2U87NG;
				FRAMEWORK_SEARCH_PATHS = "$(inherited)";
				INFOPLIST_FILE = "Maria Widget/Info.plist";
				LD_RUNPATH_SEARCH_PATHS = "$(inherited) @executable_path/../Frameworks @executable_path/../../../../Frameworks";
				MACOSX_DEPLOYMENT_TARGET = 10.10;
				PRODUCT_BUNDLE_IDENTIFIER = com.windisco.Maria.Widget;
				PRODUCT_NAME = "$(TARGET_NAME)";
				PROVISIONING_PROFILE = "";
				PROVISIONING_PROFILE_SPECIFIER = "";
				SKIP_INSTALL = YES;
				SWIFT_ACTIVE_COMPILATION_CONDITIONS = DEBUG;
				SWIFT_VERSION = 4.2;
			};
			name = Debug;
		};
		88298D081D41E56600BBAFE8 /* Release */ = {
			isa = XCBuildConfiguration;
			baseConfigurationReference = 0F70C9DF82097AC4946AB784 /* Pods-Maria Widget.release.xcconfig */;
			buildSettings = {
				ALWAYS_EMBED_SWIFT_STANDARD_LIBRARIES = YES;
				CLANG_WARN_DOCUMENTATION_COMMENTS = YES;
				CODE_SIGN_ENTITLEMENTS = "Maria Widget/Maria Widget.entitlements";
				CODE_SIGN_IDENTITY = "Mac Developer";
				COMBINE_HIDPI_IMAGES = YES;
				DEVELOPMENT_TEAM = 525R2U87NG;
				FRAMEWORK_SEARCH_PATHS = "$(inherited)";
				INFOPLIST_FILE = "Maria Widget/Info.plist";
				LD_RUNPATH_SEARCH_PATHS = "$(inherited) @executable_path/../Frameworks @executable_path/../../../../Frameworks";
				MACOSX_DEPLOYMENT_TARGET = 10.10;
				PRODUCT_BUNDLE_IDENTIFIER = com.windisco.Maria.Widget;
				PRODUCT_NAME = "$(TARGET_NAME)";
				SKIP_INSTALL = YES;
				SWIFT_OPTIMIZATION_LEVEL = "-Owholemodule";
				SWIFT_VERSION = 4.2;
			};
			name = Release;
		};
		8894857C1CBE4D4A000839CD /* Debug */ = {
			isa = XCBuildConfiguration;
			buildSettings = {
				ALWAYS_SEARCH_USER_PATHS = NO;
				CLANG_ANALYZER_LOCALIZABILITY_NONLOCALIZED = YES;
				CLANG_ANALYZER_NONNULL = YES;
				CLANG_CXX_LANGUAGE_STANDARD = "gnu++0x";
				CLANG_CXX_LIBRARY = "libc++";
				CLANG_ENABLE_MODULES = YES;
				CLANG_ENABLE_OBJC_ARC = YES;
				CLANG_WARN_BLOCK_CAPTURE_AUTORELEASING = YES;
				CLANG_WARN_BOOL_CONVERSION = YES;
				CLANG_WARN_COMMA = YES;
				CLANG_WARN_CONSTANT_CONVERSION = YES;
				CLANG_WARN_DEPRECATED_OBJC_IMPLEMENTATIONS = YES;
				CLANG_WARN_DIRECT_OBJC_ISA_USAGE = YES_ERROR;
				CLANG_WARN_EMPTY_BODY = YES;
				CLANG_WARN_ENUM_CONVERSION = YES;
				CLANG_WARN_INFINITE_RECURSION = YES;
				CLANG_WARN_INT_CONVERSION = YES;
				CLANG_WARN_NON_LITERAL_NULL_CONVERSION = YES;
				CLANG_WARN_OBJC_IMPLICIT_RETAIN_SELF = YES;
				CLANG_WARN_OBJC_LITERAL_CONVERSION = YES;
				CLANG_WARN_OBJC_ROOT_CLASS = YES_ERROR;
				CLANG_WARN_RANGE_LOOP_ANALYSIS = YES;
				CLANG_WARN_STRICT_PROTOTYPES = YES;
				CLANG_WARN_SUSPICIOUS_MOVE = YES;
				CLANG_WARN_UNREACHABLE_CODE = YES;
				CLANG_WARN__DUPLICATE_METHOD_MATCH = YES;
				CODE_SIGN_IDENTITY = "-";
				COPY_PHASE_STRIP = NO;
				DEBUG_INFORMATION_FORMAT = dwarf;
				ENABLE_STRICT_OBJC_MSGSEND = YES;
				ENABLE_TESTABILITY = YES;
				GCC_C_LANGUAGE_STANDARD = gnu99;
				GCC_DYNAMIC_NO_PIC = NO;
				GCC_NO_COMMON_BLOCKS = YES;
				GCC_OPTIMIZATION_LEVEL = 0;
				GCC_PREPROCESSOR_DEFINITIONS = (
					"DEBUG=1",
					"$(inherited)",
				);
				GCC_WARN_64_TO_32_BIT_CONVERSION = YES;
				GCC_WARN_ABOUT_RETURN_TYPE = YES_ERROR;
				GCC_WARN_UNDECLARED_SELECTOR = YES;
				GCC_WARN_UNINITIALIZED_AUTOS = YES_AGGRESSIVE;
				GCC_WARN_UNUSED_FUNCTION = YES;
				GCC_WARN_UNUSED_VARIABLE = YES;
				MACOSX_DEPLOYMENT_TARGET = 10.10;
				MTL_ENABLE_DEBUG_INFO = YES;
				ONLY_ACTIVE_ARCH = YES;
				SDKROOT = macosx;
				SWIFT_OPTIMIZATION_LEVEL = "-Onone";
			};
			name = Debug;
		};
		8894857D1CBE4D4A000839CD /* Release */ = {
			isa = XCBuildConfiguration;
			buildSettings = {
				ALWAYS_SEARCH_USER_PATHS = NO;
				CLANG_ANALYZER_LOCALIZABILITY_NONLOCALIZED = YES;
				CLANG_ANALYZER_NONNULL = YES;
				CLANG_CXX_LANGUAGE_STANDARD = "gnu++0x";
				CLANG_CXX_LIBRARY = "libc++";
				CLANG_ENABLE_MODULES = YES;
				CLANG_ENABLE_OBJC_ARC = YES;
				CLANG_WARN_BLOCK_CAPTURE_AUTORELEASING = YES;
				CLANG_WARN_BOOL_CONVERSION = YES;
				CLANG_WARN_COMMA = YES;
				CLANG_WARN_CONSTANT_CONVERSION = YES;
				CLANG_WARN_DEPRECATED_OBJC_IMPLEMENTATIONS = YES;
				CLANG_WARN_DIRECT_OBJC_ISA_USAGE = YES_ERROR;
				CLANG_WARN_EMPTY_BODY = YES;
				CLANG_WARN_ENUM_CONVERSION = YES;
				CLANG_WARN_INFINITE_RECURSION = YES;
				CLANG_WARN_INT_CONVERSION = YES;
				CLANG_WARN_NON_LITERAL_NULL_CONVERSION = YES;
				CLANG_WARN_OBJC_IMPLICIT_RETAIN_SELF = YES;
				CLANG_WARN_OBJC_LITERAL_CONVERSION = YES;
				CLANG_WARN_OBJC_ROOT_CLASS = YES_ERROR;
				CLANG_WARN_RANGE_LOOP_ANALYSIS = YES;
				CLANG_WARN_STRICT_PROTOTYPES = YES;
				CLANG_WARN_SUSPICIOUS_MOVE = YES;
				CLANG_WARN_UNREACHABLE_CODE = YES;
				CLANG_WARN__DUPLICATE_METHOD_MATCH = YES;
				CODE_SIGN_IDENTITY = "-";
				COPY_PHASE_STRIP = NO;
				DEBUG_INFORMATION_FORMAT = "dwarf-with-dsym";
				ENABLE_NS_ASSERTIONS = NO;
				ENABLE_STRICT_OBJC_MSGSEND = YES;
				GCC_C_LANGUAGE_STANDARD = gnu99;
				GCC_NO_COMMON_BLOCKS = YES;
				GCC_WARN_64_TO_32_BIT_CONVERSION = YES;
				GCC_WARN_ABOUT_RETURN_TYPE = YES_ERROR;
				GCC_WARN_UNDECLARED_SELECTOR = YES;
				GCC_WARN_UNINITIALIZED_AUTOS = YES_AGGRESSIVE;
				GCC_WARN_UNUSED_FUNCTION = YES;
				GCC_WARN_UNUSED_VARIABLE = YES;
				MACOSX_DEPLOYMENT_TARGET = 10.10;
				MTL_ENABLE_DEBUG_INFO = NO;
				SDKROOT = macosx;
			};
			name = Release;
		};
		8894857F1CBE4D4A000839CD /* Debug */ = {
			isa = XCBuildConfiguration;
			baseConfigurationReference = E41BA69B5CDD140CCBA4EBC2 /* Pods-Maria.debug.xcconfig */;
			buildSettings = {
				ALWAYS_EMBED_SWIFT_STANDARD_LIBRARIES = YES;
				APPLICATION_EXTENSION_API_ONLY = NO;
				ASSETCATALOG_COMPILER_APPICON_NAME = AppIcon;
				CLANG_CXX_LANGUAGE_STANDARD = "gnu++0x";
				CLANG_ENABLE_MODULES = YES;
				CODE_SIGN_ENTITLEMENTS = Maria/Maria.entitlements;
				CODE_SIGN_IDENTITY = "Mac Developer";
				CODE_SIGN_STYLE = Automatic;
				COMBINE_HIDPI_IMAGES = YES;
				DEFINES_MODULE = YES;
				DEVELOPMENT_TEAM = 525R2U87NG;
				FRAMEWORK_SEARCH_PATHS = "$(inherited)";
				INFOPLIST_FILE = Maria/Info.plist;
				LD_RUNPATH_SEARCH_PATHS = "$(inherited) @executable_path/../Frameworks";
				MACOSX_DEPLOYMENT_TARGET = 10.10;
				PRODUCT_BUNDLE_IDENTIFIER = com.windisco.Maria;
				PRODUCT_NAME = "$(TARGET_NAME)";
				PROVISIONING_PROFILE_SPECIFIER = "";
				SWIFT_OBJC_BRIDGING_HEADER = "Maria-Bridging-Header.h";
				SWIFT_OPTIMIZATION_LEVEL = "-Onone";
				SWIFT_VERSION = 4.2;
			};
			name = Debug;
		};
		889485801CBE4D4A000839CD /* Release */ = {
			isa = XCBuildConfiguration;
			baseConfigurationReference = D7A99BC2E5B2ACEF6AF6DE67 /* Pods-Maria.release.xcconfig */;
			buildSettings = {
				ALWAYS_EMBED_SWIFT_STANDARD_LIBRARIES = YES;
				APPLICATION_EXTENSION_API_ONLY = NO;
				ASSETCATALOG_COMPILER_APPICON_NAME = AppIcon;
				CLANG_CXX_LANGUAGE_STANDARD = "gnu++0x";
				CLANG_ENABLE_MODULES = YES;
				CODE_SIGN_ENTITLEMENTS = Maria/Maria.entitlements;
				CODE_SIGN_IDENTITY = "Mac Developer";
				CODE_SIGN_STYLE = Automatic;
				COMBINE_HIDPI_IMAGES = YES;
				DEFINES_MODULE = YES;
				DEVELOPMENT_TEAM = 525R2U87NG;
				FRAMEWORK_SEARCH_PATHS = "$(inherited)";
				INFOPLIST_FILE = Maria/Info.plist;
				LD_RUNPATH_SEARCH_PATHS = "$(inherited) @executable_path/../Frameworks";
				MACOSX_DEPLOYMENT_TARGET = 10.10;
				PRODUCT_BUNDLE_IDENTIFIER = com.windisco.Maria;
				PRODUCT_NAME = "$(TARGET_NAME)";
				PROVISIONING_PROFILE_SPECIFIER = "";
				SWIFT_OBJC_BRIDGING_HEADER = "Maria-Bridging-Header.h";
				SWIFT_OPTIMIZATION_LEVEL = "-Owholemodule";
				SWIFT_VERSION = 4.2;
			};
			name = Release;
		};
/* End XCBuildConfiguration section */

/* Begin XCConfigurationList section */
		88298D061D41E56600BBAFE8 /* Build configuration list for PBXNativeTarget "Maria Widget" */ = {
			isa = XCConfigurationList;
			buildConfigurations = (
				88298D071D41E56600BBAFE8 /* Debug */,
				88298D081D41E56600BBAFE8 /* Release */,
			);
			defaultConfigurationIsVisible = 0;
			defaultConfigurationName = Release;
		};
		8894856A1CBE4D4A000839CD /* Build configuration list for PBXProject "Maria" */ = {
			isa = XCConfigurationList;
			buildConfigurations = (
				8894857C1CBE4D4A000839CD /* Debug */,
				8894857D1CBE4D4A000839CD /* Release */,
			);
			defaultConfigurationIsVisible = 0;
			defaultConfigurationName = Release;
		};
		8894857E1CBE4D4A000839CD /* Build configuration list for PBXNativeTarget "Maria" */ = {
			isa = XCConfigurationList;
			buildConfigurations = (
				8894857F1CBE4D4A000839CD /* Debug */,
				889485801CBE4D4A000839CD /* Release */,
			);
			defaultConfigurationIsVisible = 0;
			defaultConfigurationName = Release;
		};
/* End XCConfigurationList section */
	};
	rootObject = 889485671CBE4D4A000839CD /* Project object */;
}
