// !$*UTF8*$!
{
	archiveVersion = 1;
	classes = {
	};
	objectVersion = 46;
	objects = {

/* Begin PBXBuildFile section */
		117DA24D4D52D542E20D7C11 /* Pods_YouGet.framework in Frameworks */ = {isa = PBXBuildFile; fileRef = 870C3B7B7964C264310B6754 /* Pods_YouGet.framework */; };
		888EE2F71DFE62DD0048F788 /* YouGet.h in Headers */ = {isa = PBXBuildFile; fileRef = 888EE2F51DFE62DD0048F788 /* YouGet.h */; settings = {ATTRIBUTES = (Public, ); }; };
		888EE2FE1DFE62F10048F788 /* YouGet.swift in Sources */ = {isa = PBXBuildFile; fileRef = 888EE2FD1DFE62F10048F788 /* YouGet.swift */; };
		88C9C0521E00476E00201E7E /* YGStream.swift in Sources */ = {isa = PBXBuildFile; fileRef = 88C9C0511E00476E00201E7E /* YGStream.swift */; };
		88C9C0551E004B0700201E7E /* Localizable.strings in Resources */ = {isa = PBXBuildFile; fileRef = 88C9C0571E004B0700201E7E /* Localizable.strings */; };
		88C9C05E1E005AF100201E7E /* Extension.swift in Sources */ = {isa = PBXBuildFile; fileRef = 88C9C05D1E005AF100201E7E /* Extension.swift */; };
		88F201631DFE78DF0010CA9D /* YGResult.swift in Sources */ = {isa = PBXBuildFile; fileRef = 88F201621DFE78DF0010CA9D /* YGResult.swift */; };
/* End PBXBuildFile section */

/* Begin PBXFileReference section */
		5EBDEA9FDA29B429BBCB2B29 /* Pods-YouGet.release.xcconfig */ = {isa = PBXFileReference; includeInIndex = 1; lastKnownFileType = text.xcconfig; name = "Pods-YouGet.release.xcconfig"; path = "Pods/Target Support Files/Pods-YouGet/Pods-YouGet.release.xcconfig"; sourceTree = "<group>"; };
		870C3B7B7964C264310B6754 /* Pods_YouGet.framework */ = {isa = PBXFileReference; explicitFileType = wrapper.framework; includeInIndex = 0; path = Pods_YouGet.framework; sourceTree = BUILT_PRODUCTS_DIR; };
		888EE2F21DFE62DD0048F788 /* YouGet.framework */ = {isa = PBXFileReference; explicitFileType = wrapper.framework; includeInIndex = 0; path = YouGet.framework; sourceTree = BUILT_PRODUCTS_DIR; };
		888EE2F51DFE62DD0048F788 /* YouGet.h */ = {isa = PBXFileReference; lastKnownFileType = sourcecode.c.h; path = YouGet.h; sourceTree = "<group>"; };
		888EE2F61DFE62DD0048F788 /* Info.plist */ = {isa = PBXFileReference; lastKnownFileType = text.plist.xml; path = Info.plist; sourceTree = "<group>"; };
		888EE2FD1DFE62F10048F788 /* YouGet.swift */ = {isa = PBXFileReference; fileEncoding = 4; lastKnownFileType = sourcecode.swift; path = YouGet.swift; sourceTree = "<group>"; };
		88C9C0511E00476E00201E7E /* YGStream.swift */ = {isa = PBXFileReference; fileEncoding = 4; lastKnownFileType = sourcecode.swift; path = YGStream.swift; sourceTree = "<group>"; };
		88C9C0561E004B0700201E7E /* en */ = {isa = PBXFileReference; lastKnownFileType = text.plist.strings; name = en; path = en.lproj/Localizable.strings; sourceTree = "<group>"; };
		88C9C0581E004B1B00201E7E /* zh-Hans */ = {isa = PBXFileReference; lastKnownFileType = text.plist.strings; name = "zh-Hans"; path = "zh-Hans.lproj/Localizable.strings"; sourceTree = "<group>"; };
		88C9C05D1E005AF100201E7E /* Extension.swift */ = {isa = PBXFileReference; fileEncoding = 4; lastKnownFileType = sourcecode.swift; path = Extension.swift; sourceTree = "<group>"; };
		88F201621DFE78DF0010CA9D /* YGResult.swift */ = {isa = PBXFileReference; fileEncoding = 4; lastKnownFileType = sourcecode.swift; path = YGResult.swift; sourceTree = "<group>"; };
		94087839F37E6458C5BFC570 /* Pods-YouGet.debug.xcconfig */ = {isa = PBXFileReference; includeInIndex = 1; lastKnownFileType = text.xcconfig; name = "Pods-YouGet.debug.xcconfig"; path = "Pods/Target Support Files/Pods-YouGet/Pods-YouGet.debug.xcconfig"; sourceTree = "<group>"; };
/* End PBXFileReference section */

/* Begin PBXFrameworksBuildPhase section */
		888EE2EE1DFE62DD0048F788 /* Frameworks */ = {
			isa = PBXFrameworksBuildPhase;
			buildActionMask = 2147483647;
			files = (
				117DA24D4D52D542E20D7C11 /* Pods_YouGet.framework in Frameworks */,
			);
			runOnlyForDeploymentPostprocessing = 0;
		};
/* End PBXFrameworksBuildPhase section */

/* Begin PBXGroup section */
		3645B9073D502C5BB6CC6A41 /* Pods */ = {
			isa = PBXGroup;
			children = (
				94087839F37E6458C5BFC570 /* Pods-YouGet.debug.xcconfig */,
				5EBDEA9FDA29B429BBCB2B29 /* Pods-YouGet.release.xcconfig */,
			);
			name = Pods;
			sourceTree = "<group>";
		};
		888EE2E81DFE62DD0048F788 = {
			isa = PBXGroup;
			children = (
				888EE2F41DFE62DD0048F788 /* YouGet */,
				888EE2F31DFE62DD0048F788 /* Products */,
				3645B9073D502C5BB6CC6A41 /* Pods */,
				9BDD878F17A611810EB33F98 /* Frameworks */,
			);
			sourceTree = "<group>";
		};
		888EE2F31DFE62DD0048F788 /* Products */ = {
			isa = PBXGroup;
			children = (
				888EE2F21DFE62DD0048F788 /* YouGet.framework */,
			);
			name = Products;
			sourceTree = "<group>";
		};
		888EE2F41DFE62DD0048F788 /* YouGet */ = {
			isa = PBXGroup;
			children = (
				888EE2F51DFE62DD0048F788 /* YouGet.h */,
				888EE2FD1DFE62F10048F788 /* YouGet.swift */,
				88F201621DFE78DF0010CA9D /* YGResult.swift */,
				88C9C0511E00476E00201E7E /* YGStream.swift */,
				888EE2F61DFE62DD0048F788 /* Info.plist */,
				88C9C0571E004B0700201E7E /* Localizable.strings */,
				88C9C05D1E005AF100201E7E /* Extension.swift */,
			);
			path = YouGet;
			sourceTree = "<group>";
		};
		9BDD878F17A611810EB33F98 /* Frameworks */ = {
			isa = PBXGroup;
			children = (
				870C3B7B7964C264310B6754 /* Pods_YouGet.framework */,
			);
			name = Frameworks;
			sourceTree = "<group>";
		};
/* End PBXGroup section */

/* Begin PBXHeadersBuildPhase section */
		888EE2EF1DFE62DD0048F788 /* Headers */ = {
			isa = PBXHeadersBuildPhase;
			buildActionMask = 2147483647;
			files = (
				888EE2F71DFE62DD0048F788 /* YouGet.h in Headers */,
			);
			runOnlyForDeploymentPostprocessing = 0;
		};
/* End PBXHeadersBuildPhase section */

/* Begin PBXNativeTarget section */
		888EE2F11DFE62DD0048F788 /* YouGet */ = {
			isa = PBXNativeTarget;
			buildConfigurationList = 888EE2FA1DFE62DD0048F788 /* Build configuration list for PBXNativeTarget "YouGet" */;
			buildPhases = (
				BC64C1128AAAC61C24D2437C /* [CP] Check Pods Manifest.lock */,
				888EE2ED1DFE62DD0048F788 /* Sources */,
				888EE2EE1DFE62DD0048F788 /* Frameworks */,
				888EE2EF1DFE62DD0048F788 /* Headers */,
				888EE2F01DFE62DD0048F788 /* Resources */,
				7FB26425F7244B83748ADBE2 /* [CP] Copy Pods Resources */,
			);
			buildRules = (
			);
			dependencies = (
			);
			name = YouGet;
			productName = YouGet;
			productReference = 888EE2F21DFE62DD0048F788 /* YouGet.framework */;
			productType = "com.apple.product-type.framework";
		};
/* End PBXNativeTarget section */

/* Begin PBXProject section */
		888EE2E91DFE62DD0048F788 /* Project object */ = {
			isa = PBXProject;
			attributes = {
				LastUpgradeCheck = 0810;
				ORGANIZATIONNAME = ShinCurry;
				TargetAttributes = {
					888EE2F11DFE62DD0048F788 = {
						CreatedOnToolsVersion = 8.1;
						DevelopmentTeam = 8D95HCDEJR;
						LastSwiftMigration = 0810;
						ProvisioningStyle = Automatic;
					};
				};
			};
			buildConfigurationList = 888EE2EC1DFE62DD0048F788 /* Build configuration list for PBXProject "YouGet" */;
			compatibilityVersion = "Xcode 3.2";
			developmentRegion = English;
			hasScannedForEncodings = 0;
			knownRegions = (
				en,
				"zh-Hans",
			);
			mainGroup = 888EE2E81DFE62DD0048F788;
			productRefGroup = 888EE2F31DFE62DD0048F788 /* Products */;
			projectDirPath = "";
			projectRoot = "";
			targets = (
				888EE2F11DFE62DD0048F788 /* YouGet */,
			);
		};
/* End PBXProject section */

/* Begin PBXResourcesBuildPhase section */
		888EE2F01DFE62DD0048F788 /* Resources */ = {
			isa = PBXResourcesBuildPhase;
			buildActionMask = 2147483647;
			files = (
				88C9C0551E004B0700201E7E /* Localizable.strings in Resources */,
			);
			runOnlyForDeploymentPostprocessing = 0;
		};
/* End PBXResourcesBuildPhase section */

/* Begin PBXShellScriptBuildPhase section */
		7FB26425F7244B83748ADBE2 /* [CP] Copy Pods Resources */ = {
			isa = PBXShellScriptBuildPhase;
			buildActionMask = 2147483647;
			files = (
			);
			inputPaths = (
			);
			name = "[CP] Copy Pods Resources";
			outputPaths = (
			);
			runOnlyForDeploymentPostprocessing = 0;
			shellPath = /bin/sh;
			shellScript = "\"${SRCROOT}/Pods/Target Support Files/Pods-YouGet/Pods-YouGet-resources.sh\"\n";
			showEnvVarsInLog = 0;
		};
		BC64C1128AAAC61C24D2437C /* [CP] Check Pods Manifest.lock */ = {
			isa = PBXShellScriptBuildPhase;
			buildActionMask = 2147483647;
			files = (
			);
			inputPaths = (
			);
			name = "[CP] Check Pods Manifest.lock";
			outputPaths = (
			);
			runOnlyForDeploymentPostprocessing = 0;
			shellPath = /bin/sh;
			shellScript = "diff \"${PODS_ROOT}/../Podfile.lock\" \"${PODS_ROOT}/Manifest.lock\" > /dev/null\nif [ $? != 0 ] ; then\n    # print error to STDERR\n    echo \"error: The sandbox is not in sync with the Podfile.lock. Run 'pod install' or update your CocoaPods installation.\" >&2\n    exit 1\nfi\n";
			showEnvVarsInLog = 0;
		};
/* End PBXShellScriptBuildPhase section */

/* Begin PBXSourcesBuildPhase section */
		888EE2ED1DFE62DD0048F788 /* Sources */ = {
			isa = PBXSourcesBuildPhase;
			buildActionMask = 2147483647;
			files = (
				888EE2FE1DFE62F10048F788 /* YouGet.swift in Sources */,
				88C9C0521E00476E00201E7E /* YGStream.swift in Sources */,
				88F201631DFE78DF0010CA9D /* YGResult.swift in Sources */,
				88C9C05E1E005AF100201E7E /* Extension.swift in Sources */,
			);
			runOnlyForDeploymentPostprocessing = 0;
		};
/* End PBXSourcesBuildPhase section */

/* Begin PBXVariantGroup section */
		88C9C0571E004B0700201E7E /* Localizable.strings */ = {
			isa = PBXVariantGroup;
			children = (
				88C9C0561E004B0700201E7E /* en */,
				88C9C0581E004B1B00201E7E /* zh-Hans */,
			);
			name = Localizable.strings;
			sourceTree = "<group>";
		};
/* End PBXVariantGroup section */

/* Begin XCBuildConfiguration section */
		888EE2F81DFE62DD0048F788 /* Debug */ = {
			isa = XCBuildConfiguration;
			buildSettings = {
				ALWAYS_SEARCH_USER_PATHS = NO;
				CLANG_ANALYZER_LOCALIZABILITY_NONLOCALIZED = YES;
				CLANG_ANALYZER_NONNULL = YES;
				CLANG_CXX_LANGUAGE_STANDARD = "gnu++0x";
				CLANG_CXX_LIBRARY = "libc++";
				CLANG_ENABLE_MODULES = YES;
				CLANG_ENABLE_OBJC_ARC = YES;
				CLANG_WARN_BOOL_CONVERSION = YES;
				CLANG_WARN_CONSTANT_CONVERSION = YES;
				CLANG_WARN_DIRECT_OBJC_ISA_USAGE = YES_ERROR;
				CLANG_WARN_DOCUMENTATION_COMMENTS = YES;
				CLANG_WARN_EMPTY_BODY = YES;
				CLANG_WARN_ENUM_CONVERSION = YES;
				CLANG_WARN_INFINITE_RECURSION = YES;
				CLANG_WARN_INT_CONVERSION = YES;
				CLANG_WARN_OBJC_ROOT_CLASS = YES_ERROR;
				CLANG_WARN_SUSPICIOUS_MOVES = YES;
				CLANG_WARN_UNREACHABLE_CODE = YES;
				CLANG_WARN__DUPLICATE_METHOD_MATCH = YES;
				CODE_SIGN_IDENTITY = "-";
				COPY_PHASE_STRIP = NO;
				CURRENT_PROJECT_VERSION = 1;
				DEBUG_INFORMATION_FORMAT = dwarf;
				ENABLE_STRICT_OBJC_MSGSEND = YES;
				ENABLE_TESTABILITY = YES;
				GCC_C_LANGUAGE_STANDARD = gnu99;
				GCC_DYNAMIC_NO_PIC = NO;
				GCC_NO_COMMON_BLOCKS = YES;
				GCC_OPTIMIZATION_LEVEL = 0;
				GCC_PREPROCESSOR_DEFINITIONS = (
					"DEBUG=1",
					"$(inherited)",
				);
				GCC_WARN_64_TO_32_BIT_CONVERSION = YES;
				GCC_WARN_ABOUT_RETURN_TYPE = YES_ERROR;
				GCC_WARN_UNDECLARED_SELECTOR = YES;
				GCC_WARN_UNINITIALIZED_AUTOS = YES_AGGRESSIVE;
				GCC_WARN_UNUSED_FUNCTION = YES;
				GCC_WARN_UNUSED_VARIABLE = YES;
				MACOSX_DEPLOYMENT_TARGET = 10.10;
				MTL_ENABLE_DEBUG_INFO = YES;
				ONLY_ACTIVE_ARCH = YES;
				SDKROOT = macosx;
				SWIFT_ACTIVE_COMPILATION_CONDITIONS = DEBUG;
				SWIFT_OPTIMIZATION_LEVEL = "-Onone";
				VERSIONING_SYSTEM = "apple-generic";
				VERSION_INFO_PREFIX = "";
			};
			name = Debug;
		};
		888EE2F91DFE62DD0048F788 /* Release */ = {
			isa = XCBuildConfiguration;
			buildSettings = {
				ALWAYS_SEARCH_USER_PATHS = NO;
				CLANG_ANALYZER_LOCALIZABILITY_NONLOCALIZED = YES;
				CLANG_ANALYZER_NONNULL = YES;
				CLANG_CXX_LANGUAGE_STANDARD = "gnu++0x";
				CLANG_CXX_LIBRARY = "libc++";
				CLANG_ENABLE_MODULES = YES;
				CLANG_ENABLE_OBJC_ARC = YES;
				CLANG_WARN_BOOL_CONVERSION = YES;
				CLANG_WARN_CONSTANT_CONVERSION = YES;
				CLANG_WARN_DIRECT_OBJC_ISA_USAGE = YES_ERROR;
				CLANG_WARN_DOCUMENTATION_COMMENTS = YES;
				CLANG_WARN_EMPTY_BODY = YES;
				CLANG_WARN_ENUM_CONVERSION = YES;
				CLANG_WARN_INFINITE_RECURSION = YES;
				CLANG_WARN_INT_CONVERSION = YES;
				CLANG_WARN_OBJC_ROOT_CLASS = YES_ERROR;
				CLANG_WARN_SUSPICIOUS_MOVES = YES;
				CLANG_WARN_UNREACHABLE_CODE = YES;
				CLANG_WARN__DUPLICATE_METHOD_MATCH = YES;
				CODE_SIGN_IDENTITY = "-";
				COPY_PHASE_STRIP = NO;
				CURRENT_PROJECT_VERSION = 1;
				DEBUG_INFORMATION_FORMAT = "dwarf-with-dsym";
				ENABLE_NS_ASSERTIONS = NO;
				ENABLE_STRICT_OBJC_MSGSEND = YES;
				GCC_C_LANGUAGE_STANDARD = gnu99;
				GCC_NO_COMMON_BLOCKS = YES;
				GCC_WARN_64_TO_32_BIT_CONVERSION = YES;
				GCC_WARN_ABOUT_RETURN_TYPE = YES_ERROR;
				GCC_WARN_UNDECLARED_SELECTOR = YES;
				GCC_WARN_UNINITIALIZED_AUTOS = YES_AGGRESSIVE;
				GCC_WARN_UNUSED_FUNCTION = YES;
				GCC_WARN_UNUSED_VARIABLE = YES;
				MACOSX_DEPLOYMENT_TARGET = 10.10;
				MTL_ENABLE_DEBUG_INFO = NO;
				SDKROOT = macosx;
				SWIFT_OPTIMIZATION_LEVEL = "-Owholemodule";
				VERSIONING_SYSTEM = "apple-generic";
				VERSION_INFO_PREFIX = "";
			};
			name = Release;
		};
		888EE2FB1DFE62DD0048F788 /* Debug */ = {
			isa = XCBuildConfiguration;
			baseConfigurationReference = 94087839F37E6458C5BFC570 /* Pods-YouGet.debug.xcconfig */;
			buildSettings = {
				CLANG_ENABLE_MODULES = YES;
				CODE_SIGN_IDENTITY = "Mac Developer";
				COMBINE_HIDPI_IMAGES = YES;
				DEFINES_MODULE = YES;
				DEVELOPMENT_TEAM = 8D95HCDEJR;
				DYLIB_COMPATIBILITY_VERSION = 1;
				DYLIB_CURRENT_VERSION = 1;
				DYLIB_INSTALL_NAME_BASE = "@rpath";
				FRAMEWORK_VERSION = A;
				INFOPLIST_FILE = YouGet/Info.plist;
				INSTALL_PATH = "$(LOCAL_LIBRARY_DIR)/Frameworks";
				LD_RUNPATH_SEARCH_PATHS = "$(inherited) @executable_path/../Frameworks @loader_path/Frameworks";
				MACOSX_DEPLOYMENT_TARGET = 10.10;
				PRODUCT_BUNDLE_IDENTIFIER = com.windisco.YouGet;
				PRODUCT_NAME = "$(TARGET_NAME)";
				SKIP_INSTALL = YES;
				SWIFT_OPTIMIZATION_LEVEL = "-Onone";
				SWIFT_VERSION = 3.0;
			};
			name = Debug;
		};
		888EE2FC1DFE62DD0048F788 /* Release */ = {
			isa = XCBuildConfiguration;
			baseConfigurationReference = 5EBDEA9FDA29B429BBCB2B29 /* Pods-YouGet.release.xcconfig */;
			buildSettings = {
				CLANG_ENABLE_MODULES = YES;
				CODE_SIGN_IDENTITY = "";
				COMBINE_HIDPI_IMAGES = YES;
				DEFINES_MODULE = YES;
				DEVELOPMENT_TEAM = 8D95HCDEJR;
				DYLIB_COMPATIBILITY_VERSION = 1;
				DYLIB_CURRENT_VERSION = 1;
				DYLIB_INSTALL_NAME_BASE = "@rpath";
				FRAMEWORK_VERSION = A;
				INFOPLIST_FILE = YouGet/Info.plist;
				INSTALL_PATH = "$(LOCAL_LIBRARY_DIR)/Frameworks";
				LD_RUNPATH_SEARCH_PATHS = "$(inherited) @executable_path/../Frameworks @loader_path/Frameworks";
				MACOSX_DEPLOYMENT_TARGET = 10.10;
				PRODUCT_BUNDLE_IDENTIFIER = com.windisco.YouGet;
				PRODUCT_NAME = "$(TARGET_NAME)";
				SKIP_INSTALL = YES;
				SWIFT_VERSION = 3.0;
			};
			name = Release;
		};
/* End XCBuildConfiguration section */

/* Begin XCConfigurationList section */
		888EE2EC1DFE62DD0048F788 /* Build configuration list for PBXProject "YouGet" */ = {
			isa = XCConfigurationList;
			buildConfigurations = (
				888EE2F81DFE62DD0048F788 /* Debug */,
				888EE2F91DFE62DD0048F788 /* Release */,
			);
			defaultConfigurationIsVisible = 0;
			defaultConfigurationName = Release;
		};
		888EE2FA1DFE62DD0048F788 /* Build configuration list for PBXNativeTarget "YouGet" */ = {
			isa = XCConfigurationList;
			buildConfigurations = (
				888EE2FB1DFE62DD0048F788 /* Debug */,
				888EE2FC1DFE62DD0048F788 /* Release */,
			);
			defaultConfigurationIsVisible = 0;
			defaultConfigurationName = Release;
		};
/* End XCConfigurationList section */
	};
	rootObject = 888EE2E91DFE62DD0048F788 /* Project object */;
}
